
Microsoft Visual Studio Solution File, Format Version 12.00
# Visual Studio 15
VisualStudioVersion = 15.0.26430.14
MinimumVisualStudioVersion = 10.0.40219.1
Project("{FAE04EC0-301F-11D3-BF4B-00C04F79EFBC}") = "GasConnection", "GasConnection\GasConnection.csproj", "{3D6D6568-D25B-4296-BA72-D6164DB5A477}"
EndProject
Project("{FAE04EC0-301F-11D3-BF4B-00C04F79EFBC}") = "GasConnectionTest", "GasConnectionTest\GasConnectionTest.csproj", "{501821C8-5E92-4E3C-A031-5CC861892AAB}"
EndProject
Global
	GlobalSection(SolutionConfigurationPlatforms) = preSolution
		Debug|Any CPU = Debug|Any CPU
		Release|Any CPU = Release|Any CPU
	EndGlobalSection
	GlobalSection(ProjectConfigurationPlatforms) = postSolution
		{3D6D6568-D25B-4296-BA72-D6164DB5A477}.Debug|Any CPU.ActiveCfg = Debug|Any CPU
		{3D6D6568-D25B-4296-BA72-D6164DB5A477}.Debug|Any CPU.Build.0 = Debug|Any CPU
		{3D6D6568-D25B-4296-BA72-D6164DB5A477}.Release|Any CPU.ActiveCfg = Release|Any CPU
		{3D6D6568-D25B-4296-BA72-D6164DB5A477}.Release|Any CPU.Build.0 = Release|Any CPU
		{501821C8-5E92-4E3C-A031-5CC861892AAB}.Debug|Any CPU.ActiveCfg = Debug|Any CPU
		{501821C8-5E92-4E3C-A031-5CC861892AAB}.Debug|Any CPU.Build.0 = Debug|Any CPU
		{501821C8-5E92-4E3C-A031-5CC861892AAB}.Release|Any CPU.ActiveCfg = Release|Any CPU
		{501821C8-5E92-4E3C-A031-5CC861892AAB}.Release|Any CPU.Build.0 = Release|Any CPU
	EndGlobalSection
	GlobalSection(SolutionProperties) = preSolution
		HideSolutionNode = FALSE
	EndGlobalSection
EndGlobal
